
Microsoft Visual Studio Solution File, Format Version 12.00
# Visual Studio 2013
VisualStudioVersion = 12.0.40629.0
MinimumVisualStudioVersion = 10.0.40219.1
Project("{FAE04EC0-301F-11D3-BF4B-00C04F79EFBC}") = "PL", "PL\PL.csproj", "{D55F0E86-1B62-4D15-AD47-6DEF035511DC}"
	ProjectSection(ProjectDependencies) = postProject
		{BE549835-4470-40C0-A2A4-2FBCBA097903} = {BE549835-4470-40C0-A2A4-2FBCBA097903}
	EndProjectSection
EndProject
Project("{FAE04EC0-301F-11D3-BF4B-00C04F79EFBC}") = "ML", "ML\ML.csproj", "{40A7E142-E324-4AAD-BFA9-D90A865165CF}"
EndProject
Project("{FAE04EC0-301F-11D3-BF4B-00C04F79EFBC}") = "BL", "BL\BL.csproj", "{D2353ACB-E408-4F6E-A955-7BFBCAAC5C79}"
EndProject
Project("{FAE04EC0-301F-11D3-BF4B-00C04F79EFBC}") = "DL", "DL\DL.csproj", "{F5DF0BD3-A687-4A64-AF01-DFC5AEC62EB1}"
EndProject
Project("{FAE04EC0-301F-11D3-BF4B-00C04F79EFBC}") = "DGaleanaHerdezService", "DGaleanaHerdezService\DGaleanaHerdezService.csproj", "{BE549835-4470-40C0-A2A4-2FBCBA097903}"
EndProject
Global
	GlobalSection(SolutionConfigurationPlatforms) = preSolution
		Debug|Any CPU = Debug|Any CPU
		Release|Any CPU = Release|Any CPU
	EndGlobalSection
	GlobalSection(ProjectConfigurationPlatforms) = postSolution
		{D55F0E86-1B62-4D15-AD47-6DEF035511DC}.Debug|Any CPU.ActiveCfg = Debug|Any CPU
		{D55F0E86-1B62-4D15-AD47-6DEF035511DC}.Debug|Any CPU.Build.0 = Debug|Any CPU
		{D55F0E86-1B62-4D15-AD47-6DEF035511DC}.Release|Any CPU.ActiveCfg = Release|Any CPU
		{D55F0E86-1B62-4D15-AD47-6DEF035511DC}.Release|Any CPU.Build.0 = Release|Any CPU
		{40A7E142-E324-4AAD-BFA9-D90A865165CF}.Debug|Any CPU.ActiveCfg = Debug|Any CPU
		{40A7E142-E324-4AAD-BFA9-D90A865165CF}.Debug|Any CPU.Build.0 = Debug|Any CPU
		{40A7E142-E324-4AAD-BFA9-D90A865165CF}.Release|Any CPU.ActiveCfg = Release|Any CPU
		{40A7E142-E324-4AAD-BFA9-D90A865165CF}.Release|Any CPU.Build.0 = Release|Any CPU
		{D2353ACB-E408-4F6E-A955-7BFBCAAC5C79}.Debug|Any CPU.ActiveCfg = Debug|Any CPU
		{D2353ACB-E408-4F6E-A955-7BFBCAAC5C79}.Debug|Any CPU.Build.0 = Debug|Any CPU
		{D2353ACB-E408-4F6E-A955-7BFBCAAC5C79}.Release|Any CPU.ActiveCfg = Release|Any CPU
		{D2353ACB-E408-4F6E-A955-7BFBCAAC5C79}.Release|Any CPU.Build.0 = Release|Any CPU
		{F5DF0BD3-A687-4A64-AF01-DFC5AEC62EB1}.Debug|Any CPU.ActiveCfg = Debug|Any CPU
		{F5DF0BD3-A687-4A64-AF01-DFC5AEC62EB1}.Debug|Any CPU.Build.0 = Debug|Any CPU
		{F5DF0BD3-A687-4A64-AF01-DFC5AEC62EB1}.Release|Any CPU.ActiveCfg = Release|Any CPU
		{F5DF0BD3-A687-4A64-AF01-DFC5AEC62EB1}.Release|Any CPU.Build.0 = Release|Any CPU
		{BE549835-4470-40C0-A2A4-2FBCBA097903}.Debug|Any CPU.ActiveCfg = Debug|Any CPU
		{BE549835-4470-40C0-A2A4-2FBCBA097903}.Debug|Any CPU.Build.0 = Debug|Any CPU
		{BE549835-4470-40C0-A2A4-2FBCBA097903}.Release|Any CPU.ActiveCfg = Release|Any CPU
		{BE549835-4470-40C0-A2A4-2FBCBA097903}.Release|Any CPU.Build.0 = Release|Any CPU
	EndGlobalSection
	GlobalSection(SolutionProperties) = preSolution
		HideSolutionNode = FALSE
	EndGlobalSection
EndGlobal
